Microsoft Visual Studio Solution File, Format Version 12.00
# Visual Studio Version 17
VisualStudioVersion = 17.0.31903.59
MinimumVisualStudioVersion = 10.0.40219.1
Project("{FAE04EC0-301F-11D3-BF4B-00C04F79EFBC}") = "SoftwareReleaseReview.Api", "src\SoftwareReleaseReview.Api\SoftwareReleaseReview.Api.csproj", "{0B5D5B94-D695-4912-BABE-5DB72DB7E971}"
EndProject
Project("{FAE04EC0-301F-11D3-BF4B-00C04F79EFBC}") = "SoftwareReleaseReview.Tests", "tests\SoftwareReleaseReview.Tests\SoftwareReleaseReview.Tests.csproj", "{568EBEBF-53CC-4B61-AFB4-C741CDB527D1}"
EndProject
Project("{FAE04EC0-301F-11D3-BF4B-00C04F79EFBC}") = "SoftwareReleaseReview.Web", "src\SoftwareReleaseReview.Web\SoftwareReleaseReview.Web.csproj", "{09D7418A-FDC0-4A68-97D8-D21476517B17}"
EndProject
Global
	GlobalSection(SolutionConfigurationPlatforms) = preSolution
		Debug|Any CPU = Debug|Any CPU
		Release|Any CPU = Release|Any CPU
	EndGlobalSection
	GlobalSection(ProjectConfigurationPlatforms) = postSolution
		{0B5D5B94-D695-4912-BABE-5DB72DB7E971}.Debug|Any CPU.ActiveCfg = Debug|Any CPU
		{0B5D5B94-D695-4912-BABE-5DB72DB7E971}.Debug|Any CPU.Build.0 = Debug|Any CPU
		{0B5D5B94-D695-4912-BABE-5DB72DB7E971}.Release|Any CPU.ActiveCfg = Release|Any CPU
		{0B5D5B94-D695-4912-BABE-5DB72DB7E971}.Release|Any CPU.Build.0 = Release|Any CPU
		{568EBEBF-53CC-4B61-AFB4-C741CDB527D1}.Debug|Any CPU.ActiveCfg = Debug|Any CPU
		{568EBEBF-53CC-4B61-AFB4-C741CDB527D1}.Debug|Any CPU.Build.0 = Debug|Any CPU
		{568EBEBF-53CC-4B61-AFB4-C741CDB527D1}.Release|Any CPU.ActiveCfg = Release|Any CPU
		{568EBEBF-53CC-4B61-AFB4-C741CDB527D1}.Release|Any CPU.Build.0 = Release|Any CPU
		{09D7418A-FDC0-4A68-97D8-D21476517B17}.Debug|Any CPU.ActiveCfg = Debug|Any CPU
		{09D7418A-FDC0-4A68-97D8-D21476517B17}.Debug|Any CPU.Build.0 = Debug|Any CPU
		{09D7418A-FDC0-4A68-97D8-D21476517B17}.Release|Any CPU.ActiveCfg = Release|Any CPU
		{09D7418A-FDC0-4A68-97D8-D21476517B17}.Release|Any CPU.Build.0 = Release|Any CPU
	EndGlobalSection
EndGlobal
